// !$*UTF8*$!
{
	archiveVersion = 1;
	classes = {
	};
	objectVersion = 46;
	objects = {

/* Begin PBXBuildFile section */
		B50A88781DC7C8020051710E /* AppDelegate.swift in Sources */ = {isa = PBXBuildFile; fileRef = B50A88771DC7C8020051710E /* AppDelegate.swift */; };
		B50A887E1DC7C8020051710E /* GameScene.swift in Sources */ = {isa = PBXBuildFile; fileRef = B50A887D1DC7C8020051710E /* GameScene.swift */; };
		B50A88801DC7C8020051710E /* GameViewController.swift in Sources */ = {isa = PBXBuildFile; fileRef = B50A887F1DC7C8020051710E /* GameViewController.swift */; };
		B50A88831DC7C8020051710E /* Main.storyboard in Resources */ = {isa = PBXBuildFile; fileRef = B50A88811DC7C8020051710E /* Main.storyboard */; };
		B50A88851DC7C8020051710E /* Assets.xcassets in Resources */ = {isa = PBXBuildFile; fileRef = B50A88841DC7C8020051710E /* Assets.xcassets */; };
		B50A88881DC7C8020051710E /* LaunchScreen.storyboard in Resources */ = {isa = PBXBuildFile; fileRef = B50A88861DC7C8020051710E /* LaunchScreen.storyboard */; };
		B50A88941DC7D2CB0051710E /* MenuScene.swift in Sources */ = {isa = PBXBuildFile; fileRef = B50A88931DC7D2CB0051710E /* MenuScene.swift */; };
		B50A88961DC7D9040051710E /* GlobalData.swift in Sources */ = {isa = PBXBuildFile; fileRef = B50A88951DC7D9040051710E /* GlobalData.swift */; };
		B50A88981DC7D9140051710E /* GlobalFunctions.swift in Sources */ = {isa = PBXBuildFile; fileRef = B50A88971DC7D9140051710E /* GlobalFunctions.swift */; };
		B50A889A1DC7D9C90051710E /* MainScene.swift in Sources */ = {isa = PBXBuildFile; fileRef = B50A88991DC7D9C90051710E /* MainScene.swift */; };
		B50A889C1DC7DADF0051710E /* PostGameScene.swift in Sources */ = {isa = PBXBuildFile; fileRef = B50A889B1DC7DADF0051710E /* PostGameScene.swift */; };
		B50A889E1DC7E0C60051710E /* phantom-fingers.otf in Resources */ = {isa = PBXBuildFile; fileRef = B50A889D1DC7E0C60051710E /* phantom-fingers.otf */; };
		B50A88A21DC7E7B40051710E /* menuButton.png in Resources */ = {isa = PBXBuildFile; fileRef = B50A88A11DC7E7B40051710E /* menuButton.png */; };
		B50A88A41DC7E9A70051710E /* playButton.png in Resources */ = {isa = PBXBuildFile; fileRef = B50A88A31DC7E9A70051710E /* playButton.png */; };
		B50A88A81DC8D1CC0051710E /* bldg1.png in Resources */ = {isa = PBXBuildFile; fileRef = B50A88A71DC8D1CC0051710E /* bldg1.png */; };
		B50A88AA1DC8D7100051710E /* sky.png in Resources */ = {isa = PBXBuildFile; fileRef = B50A88A91DC8D70F0051710E /* sky.png */; };
		B50A88AC1DC8D8C10051710E /* road.png in Resources */ = {isa = PBXBuildFile; fileRef = B50A88AB1DC8D8C10051710E /* road.png */; };
		B50A88AE1DC8DAED0051710E /* backButton.png in Resources */ = {isa = PBXBuildFile; fileRef = B50A88AD1DC8DAED0051710E /* backButton.png */; };
		B50A88B01DC97A3E0051710E /* Firebase.swift in Sources */ = {isa = PBXBuildFile; fileRef = B50A88AF1DC97A3E0051710E /* Firebase.swift */; };
		B50A88B21DC97EC60051710E /* button.png in Resources */ = {isa = PBXBuildFile; fileRef = B50A88B11DC97EC60051710E /* button.png */; };
		B50A88B41DC981130051710E /* downArrow.png in Resources */ = {isa = PBXBuildFile; fileRef = B50A88B31DC981130051710E /* downArrow.png */; };
		B50A88B61DC9826E0051710E /* removeAds.png in Resources */ = {isa = PBXBuildFile; fileRef = B50A88B51DC9826E0051710E /* removeAds.png */; };
		B50A88B91DC98EE80051710E /* facebook.png in Resources */ = {isa = PBXBuildFile; fileRef = B50A88B71DC98EE80051710E /* facebook.png */; };
		B50A88BA1DC98EE80051710E /* twitter.png in Resources */ = {isa = PBXBuildFile; fileRef = B50A88B81DC98EE80051710E /* twitter.png */; };
		B50A88BC1DC9986A0051710E /* Trolls.swift in Sources */ = {isa = PBXBuildFile; fileRef = B50A88BB1DC9986A0051710E /* Trolls.swift */; };
/* End PBXBuildFile section */

/* Begin PBXFileReference section */
		B50A88741DC7C8020051710E /* Papa Troll.app */ = {isa = PBXFileReference; explicitFileType = wrapper.application; includeInIndex = 0; path = "Papa Troll.app"; sourceTree = BUILT_PRODUCTS_DIR; };
		B50A88771DC7C8020051710E /* AppDelegate.swift */ = {isa = PBXFileReference; lastKnownFileType = sourcecode.swift; path = AppDelegate.swift; sourceTree = "<group>"; };
		B50A887D1DC7C8020051710E /* GameScene.swift */ = {isa = PBXFileReference; lastKnownFileType = sourcecode.swift; path = GameScene.swift; sourceTree = "<group>"; };
		B50A887F1DC7C8020051710E /* GameViewController.swift */ = {isa = PBXFileReference; lastKnownFileType = sourcecode.swift; path = GameViewController.swift; sourceTree = "<group>"; };
		B50A88821DC7C8020051710E /* Base */ = {isa = PBXFileReference; lastKnownFileType = file.storyboard; name = Base; path = Base.lproj/Main.storyboard; sourceTree = "<group>"; };
		B50A88841DC7C8020051710E /* Assets.xcassets */ = {isa = PBXFileReference; lastKnownFileType = folder.assetcatalog; name = Assets.xcassets; path = "Papa Troll/Assets.xcassets"; sourceTree = "<group>"; };
		B50A88871DC7C8020051710E /* Base */ = {isa = PBXFileReference; lastKnownFileType = file.storyboard; name = Base; path = Base.lproj/LaunchScreen.storyboard; sourceTree = "<group>"; };
		B50A88891DC7C8020051710E /* Info.plist */ = {isa = PBXFileReference; lastKnownFileType = text.plist.xml; path = Info.plist; sourceTree = "<group>"; };
		B50A88931DC7D2CB0051710E /* MenuScene.swift */ = {isa = PBXFileReference; fileEncoding = 4; lastKnownFileType = sourcecode.swift; path = MenuScene.swift; sourceTree = "<group>"; };
		B50A88951DC7D9040051710E /* GlobalData.swift */ = {isa = PBXFileReference; fileEncoding = 4; lastKnownFileType = sourcecode.swift; path = GlobalData.swift; sourceTree = "<group>"; };
		B50A88971DC7D9140051710E /* GlobalFunctions.swift */ = {isa = PBXFileReference; fileEncoding = 4; lastKnownFileType = sourcecode.swift; path = GlobalFunctions.swift; sourceTree = "<group>"; };
		B50A88991DC7D9C90051710E /* MainScene.swift */ = {isa = PBXFileReference; fileEncoding = 4; lastKnownFileType = sourcecode.swift; path = MainScene.swift; sourceTree = "<group>"; };
		B50A889B1DC7DADF0051710E /* PostGameScene.swift */ = {isa = PBXFileReference; fileEncoding = 4; lastKnownFileType = sourcecode.swift; path = PostGameScene.swift; sourceTree = "<group>"; };
		B50A889D1DC7E0C60051710E /* phantom-fingers.otf */ = {isa = PBXFileReference; lastKnownFileType = file; path = "phantom-fingers.otf"; sourceTree = "<group>"; };
		B50A88A11DC7E7B40051710E /* menuButton.png */ = {isa = PBXFileReference; lastKnownFileType = image.png; path = menuButton.png; sourceTree = "<group>"; };
		B50A88A31DC7E9A70051710E /* playButton.png */ = {isa = PBXFileReference; lastKnownFileType = image.png; path = playButton.png; sourceTree = "<group>"; };
		B50A88A71DC8D1CC0051710E /* bldg1.png */ = {isa = PBXFileReference; lastKnownFileType = image.png; path = bldg1.png; sourceTree = "<group>"; };
		B50A88A91DC8D70F0051710E /* sky.png */ = {isa = PBXFileReference; lastKnownFileType = image.png; path = sky.png; sourceTree = "<group>"; };
		B50A88AB1DC8D8C10051710E /* road.png */ = {isa = PBXFileReference; lastKnownFileType = image.png; path = road.png; sourceTree = "<group>"; };
		B50A88AD1DC8DAED0051710E /* backButton.png */ = {isa = PBXFileReference; lastKnownFileType = image.png; path = backButton.png; sourceTree = "<group>"; };
		B50A88AF1DC97A3E0051710E /* Firebase.swift */ = {isa = PBXFileReference; fileEncoding = 4; lastKnownFileType = sourcecode.swift; path = Firebase.swift; sourceTree = "<group>"; };
		B50A88B11DC97EC60051710E /* button.png */ = {isa = PBXFileReference; lastKnownFileType = image.png; path = button.png; sourceTree = "<group>"; };
		B50A88B31DC981130051710E /* downArrow.png */ = {isa = PBXFileReference; lastKnownFileType = image.png; path = downArrow.png; sourceTree = "<group>"; };
		B50A88B51DC9826E0051710E /* removeAds.png */ = {isa = PBXFileReference; lastKnownFileType = image.png; path = removeAds.png; sourceTree = "<group>"; };
		B50A88B71DC98EE80051710E /* facebook.png */ = {isa = PBXFileReference; lastKnownFileType = image.png; path = facebook.png; sourceTree = "<group>"; };
		B50A88B81DC98EE80051710E /* twitter.png */ = {isa = PBXFileReference; lastKnownFileType = image.png; path = twitter.png; sourceTree = "<group>"; };
		B50A88BB1DC9986A0051710E /* Trolls.swift */ = {isa = PBXFileReference; fileEncoding = 4; lastKnownFileType = sourcecode.swift; path = Trolls.swift; sourceTree = "<group>"; };
/* End PBXFileReference section */

/* Begin PBXFrameworksBuildPhase section */
		B50A88711DC7C8020051710E /* Frameworks */ = {
			isa = PBXFrameworksBuildPhase;
			buildActionMask = 2147483647;
			files = (
			);
			runOnlyForDeploymentPostprocessing = 0;
		};
/* End PBXFrameworksBuildPhase section */

/* Begin PBXGroup section */
		B50A886B1DC7C8020051710E = {
			isa = PBXGroup;
			children = (
				B50A88761DC7C8020051710E /* Papa Troll */,
				B50A88841DC7C8020051710E /* Assets.xcassets */,
				B50A88751DC7C8020051710E /* Products */,
			);
			sourceTree = "<group>";
		};
		B50A88751DC7C8020051710E /* Products */ = {
			isa = PBXGroup;
			children = (
				B50A88741DC7C8020051710E /* Papa Troll.app */,
			);
			name = Products;
			sourceTree = "<group>";
		};
		B50A88761DC7C8020051710E /* Papa Troll */ = {
			isa = PBXGroup;
			children = (
				B50A888F1DC7C8790051710E /* Images */,
				B50A88901DC7C8800051710E /* Controllers */,
				B50A88911DC7C8870051710E /* Scenes */,
				B50A88921DC7C8990051710E /* Support Files */,
			);
			path = "Papa Troll";
			sourceTree = "<group>";
		};
		B50A888F1DC7C8790051710E /* Images */ = {
			isa = PBXGroup;
			children = (
				B50A88B51DC9826E0051710E /* removeAds.png */,
				B50A88B31DC981130051710E /* downArrow.png */,
				B50A88A71DC8D1CC0051710E /* bldg1.png */,
				B50A88AB1DC8D8C10051710E /* road.png */,
				B50A88A91DC8D70F0051710E /* sky.png */,
				B50A88A11DC7E7B40051710E /* menuButton.png */,
				B50A88A31DC7E9A70051710E /* playButton.png */,
				B50A88AD1DC8DAED0051710E /* backButton.png */,
				B50A88B11DC97EC60051710E /* button.png */,
				B50A88B71DC98EE80051710E /* facebook.png */,
				B50A88B81DC98EE80051710E /* twitter.png */,
			);
			name = Images;
			sourceTree = "<group>";
		};
		B50A88901DC7C8800051710E /* Controllers */ = {
			isa = PBXGroup;
			children = (
				B50A887F1DC7C8020051710E /* GameViewController.swift */,
			);
			name = Controllers;
			sourceTree = "<group>";
		};
		B50A88911DC7C8870051710E /* Scenes */ = {
			isa = PBXGroup;
			children = (
				B50A88991DC7D9C90051710E /* MainScene.swift */,
				B50A88931DC7D2CB0051710E /* MenuScene.swift */,
				B50A887D1DC7C8020051710E /* GameScene.swift */,
				B50A889B1DC7DADF0051710E /* PostGameScene.swift */,
			);
			name = Scenes;
			sourceTree = "<group>";
		};
		B50A88921DC7C8990051710E /* Support Files */ = {
			isa = PBXGroup;
			children = (
				B50A88BB1DC9986A0051710E /* Trolls.swift */,
				B50A88951DC7D9040051710E /* GlobalData.swift */,
				B50A88971DC7D9140051710E /* GlobalFunctions.swift */,
				B50A88AF1DC97A3E0051710E /* Firebase.swift */,
				B50A88771DC7C8020051710E /* AppDelegate.swift */,
				B50A88811DC7C8020051710E /* Main.storyboard */,
				B50A88861DC7C8020051710E /* LaunchScreen.storyboard */,
				B50A88891DC7C8020051710E /* Info.plist */,
				B50A889D1DC7E0C60051710E /* phantom-fingers.otf */,
			);
			name = "Support Files";
			sourceTree = "<group>";
		};
/* End PBXGroup section */

/* Begin PBXNativeTarget section */
		B50A88731DC7C8020051710E /* Papa Troll */ = {
			isa = PBXNativeTarget;
			buildConfigurationList = B50A888C1DC7C8020051710E /* Build configuration list for PBXNativeTarget "Papa Troll" */;
			buildPhases = (
				B50A88701DC7C8020051710E /* Sources */,
				B50A88711DC7C8020051710E /* Frameworks */,
				B50A88721DC7C8020051710E /* Resources */,
			);
			buildRules = (
			);
			dependencies = (
			);
			name = "Papa Troll";
			productName = "Papa Troll";
			productReference = B50A88741DC7C8020051710E /* Papa Troll.app */;
			productType = "com.apple.product-type.application";
		};
/* End PBXNativeTarget section */

/* Begin PBXProject section */
		B50A886C1DC7C8020051710E /* Project object */ = {
			isa = PBXProject;
			attributes = {
				LastSwiftUpdateCheck = 0800;
				LastUpgradeCheck = 0800;
				ORGANIZATIONNAME = "Ramiro Beltran";
				TargetAttributes = {
					B50A88731DC7C8020051710E = {
						CreatedOnToolsVersion = 8.0;
						DevelopmentTeam = VHQ88CT5TL;
						ProvisioningStyle = Automatic;
					};
				};
			};
			buildConfigurationList = B50A886F1DC7C8020051710E /* Build configuration list for PBXProject "Papa Troll" */;
			compatibilityVersion = "Xcode 3.2";
			developmentRegion = English;
			hasScannedForEncodings = 0;
			knownRegions = (
				en,
				Base,
			);
			mainGroup = B50A886B1DC7C8020051710E;
			productRefGroup = B50A88751DC7C8020051710E /* Products */;
			projectDirPath = "";
			projectRoot = "";
			targets = (
				B50A88731DC7C8020051710E /* Papa Troll */,
			);
		};
/* End PBXProject section */

/* Begin PBXResourcesBuildPhase section */
		B50A88721DC7C8020051710E /* Resources */ = {
			isa = PBXResourcesBuildPhase;
			buildActionMask = 2147483647;
			files = (
				B50A88B21DC97EC60051710E /* button.png in Resources */,
				B50A88A21DC7E7B40051710E /* menuButton.png in Resources */,
				B50A88AA1DC8D7100051710E /* sky.png in Resources */,
				B50A88B91DC98EE80051710E /* facebook.png in Resources */,
				B50A88B41DC981130051710E /* downArrow.png in Resources */,
				B50A88AE1DC8DAED0051710E /* backButton.png in Resources */,
				B50A88AC1DC8D8C10051710E /* road.png in Resources */,
				B50A88A41DC7E9A70051710E /* playButton.png in Resources */,
				B50A889E1DC7E0C60051710E /* phantom-fingers.otf in Resources */,
				B50A88831DC7C8020051710E /* Main.storyboard in Resources */,
				B50A88B61DC9826E0051710E /* removeAds.png in Resources */,
				B50A88851DC7C8020051710E /* Assets.xcassets in Resources */,
				B50A88BA1DC98EE80051710E /* twitter.png in Resources */,
				B50A88A81DC8D1CC0051710E /* bldg1.png in Resources */,
				B50A88881DC7C8020051710E /* LaunchScreen.storyboard in Resources */,
			);
			runOnlyForDeploymentPostprocessing = 0;
		};
/* End PBXResourcesBuildPhase section */

/* Begin PBXSourcesBuildPhase section */
		B50A88701DC7C8020051710E /* Sources */ = {
			isa = PBXSourcesBuildPhase;
			buildActionMask = 2147483647;
			files = (
				B50A887E1DC7C8020051710E /* GameScene.swift in Sources */,
				B50A88BC1DC9986A0051710E /* Trolls.swift in Sources */,
				B50A88961DC7D9040051710E /* GlobalData.swift in Sources */,
				B50A88981DC7D9140051710E /* GlobalFunctions.swift in Sources */,
				B50A889A1DC7D9C90051710E /* MainScene.swift in Sources */,
				B50A88B01DC97A3E0051710E /* Firebase.swift in Sources */,
				B50A889C1DC7DADF0051710E /* PostGameScene.swift in Sources */,
				B50A88941DC7D2CB0051710E /* MenuScene.swift in Sources */,
				B50A88801DC7C8020051710E /* GameViewController.swift in Sources */,
				B50A88781DC7C8020051710E /* AppDelegate.swift in Sources */,
			);
			runOnlyForDeploymentPostprocessing = 0;
		};
/* End PBXSourcesBuildPhase section */

/* Begin PBXVariantGroup section */
		B50A88811DC7C8020051710E /* Main.storyboard */ = {
			isa = PBXVariantGroup;
			children = (
				B50A88821DC7C8020051710E /* Base */,
			);
			name = Main.storyboard;
			sourceTree = "<group>";
		};
		B50A88861DC7C8020051710E /* LaunchScreen.storyboard */ = {
			isa = PBXVariantGroup;
			children = (
				B50A88871DC7C8020051710E /* Base */,
			);
			name = LaunchScreen.storyboard;
			sourceTree = "<group>";
		};
/* End PBXVariantGroup section */

/* Begin XCBuildConfiguration section */
		B50A888A1DC7C8020051710E /* Debug */ = {
			isa = XCBuildConfiguration;
			buildSettings = {
				ALWAYS_SEARCH_USER_PATHS = NO;
				CLANG_ANALYZER_NONNULL = YES;
				CLANG_CXX_LANGUAGE_STANDARD = "gnu++0x";
				CLANG_CXX_LIBRARY = "libc++";
				CLANG_ENABLE_MODULES = YES;
				CLANG_ENABLE_OBJC_ARC = YES;
				CLANG_WARN_BOOL_CONVERSION = YES;
				CLANG_WARN_CONSTANT_CONVERSION = YES;
				CLANG_WARN_DIRECT_OBJC_ISA_USAGE = YES_ERROR;
				CLANG_WARN_DOCUMENTATION_COMMENTS = YES;
				CLANG_WARN_EMPTY_BODY = YES;
				CLANG_WARN_ENUM_CONVERSION = YES;
				CLANG_WARN_INFINITE_RECURSION = YES;
				CLANG_WARN_INT_CONVERSION = YES;
				CLANG_WARN_OBJC_ROOT_CLASS = YES_ERROR;
				CLANG_WARN_SUSPICIOUS_MOVES = YES;
				CLANG_WARN_UNREACHABLE_CODE = YES;
				CLANG_WARN__DUPLICATE_METHOD_MATCH = YES;
				"CODE_SIGN_IDENTITY[sdk=iphoneos*]" = "iPhone Developer";
				COPY_PHASE_STRIP = NO;
				DEBUG_INFORMATION_FORMAT = dwarf;
				ENABLE_STRICT_OBJC_MSGSEND = YES;
				ENABLE_TESTABILITY = YES;
				GCC_C_LANGUAGE_STANDARD = gnu99;
				GCC_DYNAMIC_NO_PIC = NO;
				GCC_NO_COMMON_BLOCKS = YES;
				GCC_OPTIMIZATION_LEVEL = 0;
				GCC_PREPROCESSOR_DEFINITIONS = (
					"DEBUG=1",
					"$(inherited)",
				);
				GCC_WARN_64_TO_32_BIT_CONVERSION = YES;
				GCC_WARN_ABOUT_RETURN_TYPE = YES_ERROR;
				GCC_WARN_UNDECLARED_SELECTOR = YES;
				GCC_WARN_UNINITIALIZED_AUTOS = YES_AGGRESSIVE;
				GCC_WARN_UNUSED_FUNCTION = YES;
				GCC_WARN_UNUSED_VARIABLE = YES;
				IPHONEOS_DEPLOYMENT_TARGET = 10.0;
				MTL_ENABLE_DEBUG_INFO = YES;
				ONLY_ACTIVE_ARCH = YES;
				SDKROOT = iphoneos;
				SWIFT_ACTIVE_COMPILATION_CONDITIONS = DEBUG;
				SWIFT_OPTIMIZATION_LEVEL = "-Onone";
				TARGETED_DEVICE_FAMILY = "1,2";
			};
			name = Debug;
		};
		B50A888B1DC7C8020051710E /* Release */ = {
			isa = XCBuildConfiguration;
			buildSettings = {
				ALWAYS_SEARCH_USER_PATHS = NO;
				CLANG_ANALYZER_NONNULL = YES;
				CLANG_CXX_LANGUAGE_STANDARD = "gnu++0x";
				CLANG_CXX_LIBRARY = "libc++";
				CLANG_ENABLE_MODULES = YES;
				CLANG_ENABLE_OBJC_ARC = YES;
				CLANG_WARN_BOOL_CONVERSION = YES;
				CLANG_WARN_CONSTANT_CONVERSION = YES;
				CLANG_WARN_DIRECT_OBJC_ISA_USAGE = YES_ERROR;
				CLANG_WARN_DOCUMENTATION_COMMENTS = YES;
				CLANG_WARN_EMPTY_BODY = YES;
				CLANG_WARN_ENUM_CONVERSION = YES;
				CLANG_WARN_INFINITE_RECURSION = YES;
				CLANG_WARN_INT_CONVERSION = YES;
				CLANG_WARN_OBJC_ROOT_CLASS = YES_ERROR;
				CLANG_WARN_SUSPICIOUS_MOVES = YES;
				CLANG_WARN_UNREACHABLE_CODE = YES;
				CLANG_WARN__DUPLICATE_METHOD_MATCH = YES;
				"CODE_SIGN_IDENTITY[sdk=iphoneos*]" = "iPhone Developer";
				COPY_PHASE_STRIP = NO;
				DEBUG_INFORMATION_FORMAT = "dwarf-with-dsym";
				ENABLE_NS_ASSERTIONS = NO;
				ENABLE_STRICT_OBJC_MSGSEND = YES;
				GCC_C_LANGUAGE_STANDARD = gnu99;
				GCC_NO_COMMON_BLOCKS = YES;
				GCC_WARN_64_TO_32_BIT_CONVERSION = YES;
				GCC_WARN_ABOUT_RETURN_TYPE = YES_ERROR;
				GCC_WARN_UNDECLARED_SELECTOR = YES;
				GCC_WARN_UNINITIALIZED_AUTOS = YES_AGGRESSIVE;
				GCC_WARN_UNUSED_FUNCTION = YES;
				GCC_WARN_UNUSED_VARIABLE = YES;
				IPHONEOS_DEPLOYMENT_TARGET = 10.0;
				MTL_ENABLE_DEBUG_INFO = NO;
				SDKROOT = iphoneos;
				SWIFT_OPTIMIZATION_LEVEL = "-Owholemodule";
				TARGETED_DEVICE_FAMILY = "1,2";
				VALIDATE_PRODUCT = YES;
			};
			name = Release;
		};
		B50A888D1DC7C8020051710E /* Debug */ = {
			isa = XCBuildConfiguration;
			buildSettings = {
				ASSETCATALOG_COMPILER_APPICON_NAME = AppIcon;
				DEVELOPMENT_TEAM = VHQ88CT5TL;
				INFOPLIST_FILE = "Papa Troll/Info.plist";
				LD_RUNPATH_SEARCH_PATHS = "$(inherited) @executable_path/Frameworks";
				PRODUCT_BUNDLE_IDENTIFIER = "com.idratherbcoding.Papa-Troll";
				PRODUCT_NAME = "$(TARGET_NAME)";
				SWIFT_VERSION = 3.0;
			};
			name = Debug;
		};
		B50A888E1DC7C8020051710E /* Release */ = {
			isa = XCBuildConfiguration;
			buildSettings = {
				ASSETCATALOG_COMPILER_APPICON_NAME = AppIcon;
				DEVELOPMENT_TEAM = VHQ88CT5TL;
				INFOPLIST_FILE = "Papa Troll/Info.plist";
				LD_RUNPATH_SEARCH_PATHS = "$(inherited) @executable_path/Frameworks";
				PRODUCT_BUNDLE_IDENTIFIER = "com.idratherbcoding.Papa-Troll";
				PRODUCT_NAME = "$(TARGET_NAME)";
				SWIFT_VERSION = 3.0;
			};
			name = Release;
		};
/* End XCBuildConfiguration section */

/* Begin XCConfigurationList section */
		B50A886F1DC7C8020051710E /* Build configuration list for PBXProject "Papa Troll" */ = {
			isa = XCConfigurationList;
			buildConfigurations = (
				B50A888A1DC7C8020051710E /* Debug */,
				B50A888B1DC7C8020051710E /* Release */,
			);
			defaultConfigurationIsVisible = 0;
			defaultConfigurationName = Release;
		};
		B50A888C1DC7C8020051710E /* Build configuration list for PBXNativeTarget "Papa Troll" */ = {
			isa = XCConfigurationList;
			buildConfigurations = (
				B50A888D1DC7C8020051710E /* Debug */,
				B50A888E1DC7C8020051710E /* Release */,
			);
			defaultConfigurationIsVisible = 0;
		};
/* End XCConfigurationList section */
	};
	rootObject = B50A886C1DC7C8020051710E /* Project object */;
}
